<Solution>
  <Folder Name="/src/" />
  <Folder Name="/src/Core/">
    <Project Path="RaphCare.Application/RaphCare.Application.csproj" />
    <Project Path="RaphCare.Domain/RaphCare.Domain.csproj" />
    <Project Path="RaphCare.Identity/RaphCare.Identity.csproj" />
    <Project Path="RaphCare.Infrastructure/RaphCare.Infrastructure.csproj" />
    <Project Path="RaphCare.Persistence/RaphCare.Persistence.csproj" />
  </Folder>
</Solution>
