<Solution>
  <Folder Name="/src/" />
  <Folder Name="/src/API/">
    <Project Path="RaphCare.API/RaphCare.API.csproj" />
  </Folder>
  <Folder Name="/src/Core/">
    <Project Path="RaphCare.Application/RaphCare.Application.csproj" />
    <Project Path="RaphCare.Domain/RaphCare.Domain.csproj" />
  </Folder>
  <Folder Name="/src/Infrastructure/">
    <Project Path="RaphCare.Identity/RaphCare.Identity.csproj" />
    <Project Path="RaphCare.Infrastructure/RaphCare.Infrastructure.csproj" />
    <Project Path="RaphCare.Persistence/RaphCare.Persistence.csproj" />
  </Folder>
  <Folder Name="/UI/">
    <Project Path="RaphCare.Mobile/RaphCare.Mobile.csproj" Id="8a25d5f6-e9d0-4774-81fe-26866e4bdac1">
      <Deploy />
    </Project>
  </Folder>
  <Folder Name="/UI/Core/">
    <Project Path="RaphCare.Client/RaphCare.Client.csproj" Id="1f3e627f-90cd-42d0-a220-20f4fdf42455" />
  </Folder>
  <Folder Name="/UI/Web/">
    <Project Path="RaphCare.Web.Host/RaphCare.Web.Host.csproj" />
    <Project Path="RaphCare.Web/RaphCare.Web.csproj" />
  </Folder>
  <Folder Name="/tests/">
    <Project Path="RaphCare.Application.Tests/RaphCare.Application.Tests.csproj" />
    <Project Path="RaphCare.Client.Tests/RaphCare.Client.Tests.csproj" />
    <Project Path="RaphCare.Mobile.Tests/RaphCare.Mobile.Tests.csproj" />
    <Project Path="RaphCare.Web.Tests/RaphCare.Web.Tests.csproj" />
  </Folder>
</Solution>
